// !$*UTF8*$!
{
	archiveVersion = 1;
	classes = {
	};
	objectVersion = 55;
	objects = {

/* Begin PBXBuildFile section */
		AF6E561127DCC21D00A44C80 /* UIViewController+Extension.swift in Sources */ = {isa = PBXBuildFile; fileRef = AF6E561027DCC21D00A44C80 /* UIViewController+Extension.swift */; };
		AF6E561327DCDB5100A44C80 /* UIView+Extension.swift in Sources */ = {isa = PBXBuildFile; fileRef = AF6E561227DCDB5100A44C80 /* UIView+Extension.swift */; };
		AFB909D127DBAB0800872C4F /* AppDelegate.swift in Sources */ = {isa = PBXBuildFile; fileRef = AFB909D027DBAB0800872C4F /* AppDelegate.swift */; };
		AFB909D327DBAB0800872C4F /* SceneDelegate.swift in Sources */ = {isa = PBXBuildFile; fileRef = AFB909D227DBAB0800872C4F /* SceneDelegate.swift */; };
		AFB909D527DBAB0800872C4F /* ViewController.swift in Sources */ = {isa = PBXBuildFile; fileRef = AFB909D427DBAB0800872C4F /* ViewController.swift */; };
		AFB909D827DBAB0800872C4F /* Main.storyboard in Resources */ = {isa = PBXBuildFile; fileRef = AFB909D627DBAB0800872C4F /* Main.storyboard */; };
		AFB909DA27DBAB0900872C4F /* Assets.xcassets in Resources */ = {isa = PBXBuildFile; fileRef = AFB909D927DBAB0900872C4F /* Assets.xcassets */; };
		AFB909DD27DBAB0A00872C4F /* LaunchScreen.storyboard in Resources */ = {isa = PBXBuildFile; fileRef = AFB909DB27DBAB0900872C4F /* LaunchScreen.storyboard */; };
		AFB909E627DBABFB00872C4F /* BaseLayers.swift in Sources */ = {isa = PBXBuildFile; fileRef = AFB909E527DBABFB00872C4F /* BaseLayers.swift */; };
		AFB909EC27DBAC9D00872C4F /* LoadingView.swift in Sources */ = {isa = PBXBuildFile; fileRef = AFB909EB27DBAC9D00872C4F /* LoadingView.swift */; };
		AFB909EE27DBAD0D00872C4F /* UIApplication+Extension.swift in Sources */ = {isa = PBXBuildFile; fileRef = AFB909ED27DBAD0D00872C4F /* UIApplication+Extension.swift */; };
		DE96DBC61D4F75F62C7255AD /* Pods_LoodosMovie.framework in Frameworks */ = {isa = PBXBuildFile; fileRef = 049BB4BF01958D66DA2191ED /* Pods_LoodosMovie.framework */; };
/* End PBXBuildFile section */

/* Begin PBXFileReference section */
		049BB4BF01958D66DA2191ED /* Pods_LoodosMovie.framework */ = {isa = PBXFileReference; explicitFileType = wrapper.framework; includeInIndex = 0; path = Pods_LoodosMovie.framework; sourceTree = BUILT_PRODUCTS_DIR; };
		9A48DE3169D1E2EAD5729319 /* Pods-LoodosMovie.release.xcconfig */ = {isa = PBXFileReference; includeInIndex = 1; lastKnownFileType = text.xcconfig; name = "Pods-LoodosMovie.release.xcconfig"; path = "Target Support Files/Pods-LoodosMovie/Pods-LoodosMovie.release.xcconfig"; sourceTree = "<group>"; };
		AF6E561027DCC21D00A44C80 /* UIViewController+Extension.swift */ = {isa = PBXFileReference; lastKnownFileType = sourcecode.swift; path = "UIViewController+Extension.swift"; sourceTree = "<group>"; };
		AF6E561227DCDB5100A44C80 /* UIView+Extension.swift */ = {isa = PBXFileReference; lastKnownFileType = sourcecode.swift; path = "UIView+Extension.swift"; sourceTree = "<group>"; };
		AFB909CD27DBAB0800872C4F /* LoodosMovie.app */ = {isa = PBXFileReference; explicitFileType = wrapper.application; includeInIndex = 0; path = LoodosMovie.app; sourceTree = BUILT_PRODUCTS_DIR; };
		AFB909D027DBAB0800872C4F /* AppDelegate.swift */ = {isa = PBXFileReference; lastKnownFileType = sourcecode.swift; path = AppDelegate.swift; sourceTree = "<group>"; };
		AFB909D227DBAB0800872C4F /* SceneDelegate.swift */ = {isa = PBXFileReference; lastKnownFileType = sourcecode.swift; path = SceneDelegate.swift; sourceTree = "<group>"; };
		AFB909D427DBAB0800872C4F /* ViewController.swift */ = {isa = PBXFileReference; lastKnownFileType = sourcecode.swift; path = ViewController.swift; sourceTree = "<group>"; };
		AFB909D727DBAB0800872C4F /* Base */ = {isa = PBXFileReference; lastKnownFileType = file.storyboard; name = Base; path = Base.lproj/Main.storyboard; sourceTree = "<group>"; };
		AFB909D927DBAB0900872C4F /* Assets.xcassets */ = {isa = PBXFileReference; lastKnownFileType = folder.assetcatalog; path = Assets.xcassets; sourceTree = "<group>"; };
		AFB909DC27DBAB0A00872C4F /* Base */ = {isa = PBXFileReference; lastKnownFileType = file.storyboard; name = Base; path = Base.lproj/LaunchScreen.storyboard; sourceTree = "<group>"; };
		AFB909DE27DBAB0A00872C4F /* Info.plist */ = {isa = PBXFileReference; lastKnownFileType = text.plist.xml; path = Info.plist; sourceTree = "<group>"; };
		AFB909E527DBABFB00872C4F /* BaseLayers.swift */ = {isa = PBXFileReference; lastKnownFileType = sourcecode.swift; path = BaseLayers.swift; sourceTree = "<group>"; };
		AFB909EB27DBAC9D00872C4F /* LoadingView.swift */ = {isa = PBXFileReference; lastKnownFileType = sourcecode.swift; path = LoadingView.swift; sourceTree = "<group>"; };
		AFB909ED27DBAD0D00872C4F /* UIApplication+Extension.swift */ = {isa = PBXFileReference; lastKnownFileType = sourcecode.swift; path = "UIApplication+Extension.swift"; sourceTree = "<group>"; };
		B091D9FF6155FF6158EF5EBA /* Pods-LoodosMovie.debug.xcconfig */ = {isa = PBXFileReference; includeInIndex = 1; lastKnownFileType = text.xcconfig; name = "Pods-LoodosMovie.debug.xcconfig"; path = "Target Support Files/Pods-LoodosMovie/Pods-LoodosMovie.debug.xcconfig"; sourceTree = "<group>"; };
/* End PBXFileReference section */

/* Begin PBXFrameworksBuildPhase section */
		AFB909CA27DBAB0800872C4F /* Frameworks */ = {
			isa = PBXFrameworksBuildPhase;
			buildActionMask = 2147483647;
			files = (
				DE96DBC61D4F75F62C7255AD /* Pods_LoodosMovie.framework in Frameworks */,
			);
			runOnlyForDeploymentPostprocessing = 0;
		};
/* End PBXFrameworksBuildPhase section */

/* Begin PBXGroup section */
		AFB909C427DBAB0800872C4F = {
			isa = PBXGroup;
			children = (
				AFB909CF27DBAB0800872C4F /* LoodosMovie */,
				AFB909CE27DBAB0800872C4F /* Products */,
				F1FD72A3EDBE913D3E54A257 /* Pods */,
				FD5787B18A13BED07B53A70C /* Frameworks */,
			);
			sourceTree = "<group>";
		};
		AFB909CE27DBAB0800872C4F /* Products */ = {
			isa = PBXGroup;
			children = (
				AFB909CD27DBAB0800872C4F /* LoodosMovie.app */,
			);
			name = Products;
			sourceTree = "<group>";
		};
		AFB909CF27DBAB0800872C4F /* LoodosMovie */ = {
			isa = PBXGroup;
			children = (
				AFB909D027DBAB0800872C4F /* AppDelegate.swift */,
				AFB909D227DBAB0800872C4F /* SceneDelegate.swift */,
				AFB909D427DBAB0800872C4F /* ViewController.swift */,
				AFB909EA27DBAC8200872C4F /* ReusableViews */,
				AFB909E727DBAC5300872C4F /* Extensions */,
				AFB909E427DBABDA00872C4F /* Utilities */,
				AFB909D627DBAB0800872C4F /* Main.storyboard */,
				AFB909D927DBAB0900872C4F /* Assets.xcassets */,
				AFB909DB27DBAB0900872C4F /* LaunchScreen.storyboard */,
				AFB909DE27DBAB0A00872C4F /* Info.plist */,
			);
			path = LoodosMovie;
			sourceTree = "<group>";
		};
		AFB909E427DBABDA00872C4F /* Utilities */ = {
			isa = PBXGroup;
			children = (
				AFB909E527DBABFB00872C4F /* BaseLayers.swift */,
			);
			path = Utilities;
			sourceTree = "<group>";
		};
		AFB909E727DBAC5300872C4F /* Extensions */ = {
			isa = PBXGroup;
			children = (
				AFB909ED27DBAD0D00872C4F /* UIApplication+Extension.swift */,
				AF6E561027DCC21D00A44C80 /* UIViewController+Extension.swift */,
				AF6E561227DCDB5100A44C80 /* UIView+Extension.swift */,
			);
			path = Extensions;
			sourceTree = "<group>";
		};
		AFB909EA27DBAC8200872C4F /* ReusableViews */ = {
			isa = PBXGroup;
			children = (
				AFB909EB27DBAC9D00872C4F /* LoadingView.swift */,
			);
			path = ReusableViews;
			sourceTree = "<group>";
		};
		F1FD72A3EDBE913D3E54A257 /* Pods */ = {
			isa = PBXGroup;
			children = (
				B091D9FF6155FF6158EF5EBA /* Pods-LoodosMovie.debug.xcconfig */,
				9A48DE3169D1E2EAD5729319 /* Pods-LoodosMovie.release.xcconfig */,
			);
			path = Pods;
			sourceTree = "<group>";
		};
		FD5787B18A13BED07B53A70C /* Frameworks */ = {
			isa = PBXGroup;
			children = (
				049BB4BF01958D66DA2191ED /* Pods_LoodosMovie.framework */,
			);
			name = Frameworks;
			sourceTree = "<group>";
		};
/* End PBXGroup section */

/* Begin PBXNativeTarget section */
		AFB909CC27DBAB0800872C4F /* LoodosMovie */ = {
			isa = PBXNativeTarget;
			buildConfigurationList = AFB909E127DBAB0A00872C4F /* Build configuration list for PBXNativeTarget "LoodosMovie" */;
			buildPhases = (
				B807322DE7AADF03CFEC74F3 /* [CP] Check Pods Manifest.lock */,
				AFB909C927DBAB0800872C4F /* Sources */,
				AFB909CA27DBAB0800872C4F /* Frameworks */,
				AFB909CB27DBAB0800872C4F /* Resources */,
				F568E71A1EFB28C33AE2053A /* [CP] Embed Pods Frameworks */,
			);
			buildRules = (
			);
			dependencies = (
			);
			name = LoodosMovie;
			productName = LoodosMovie;
			productReference = AFB909CD27DBAB0800872C4F /* LoodosMovie.app */;
			productType = "com.apple.product-type.application";
		};
/* End PBXNativeTarget section */

/* Begin PBXProject section */
		AFB909C527DBAB0800872C4F /* Project object */ = {
			isa = PBXProject;
			attributes = {
				BuildIndependentTargetsInParallel = 1;
				LastSwiftUpdateCheck = 1320;
				LastUpgradeCheck = 1320;
				TargetAttributes = {
					AFB909CC27DBAB0800872C4F = {
						CreatedOnToolsVersion = 13.2.1;
					};
				};
			};
			buildConfigurationList = AFB909C827DBAB0800872C4F /* Build configuration list for PBXProject "LoodosMovie" */;
			compatibilityVersion = "Xcode 13.0";
			developmentRegion = en;
			hasScannedForEncodings = 0;
			knownRegions = (
				en,
				Base,
			);
			mainGroup = AFB909C427DBAB0800872C4F;
			productRefGroup = AFB909CE27DBAB0800872C4F /* Products */;
			projectDirPath = "";
			projectRoot = "";
			targets = (
				AFB909CC27DBAB0800872C4F /* LoodosMovie */,
			);
		};
/* End PBXProject section */

/* Begin PBXResourcesBuildPhase section */
		AFB909CB27DBAB0800872C4F /* Resources */ = {
			isa = PBXResourcesBuildPhase;
			buildActionMask = 2147483647;
			files = (
				AFB909DD27DBAB0A00872C4F /* LaunchScreen.storyboard in Resources */,
				AFB909DA27DBAB0900872C4F /* Assets.xcassets in Resources */,
				AFB909D827DBAB0800872C4F /* Main.storyboard in Resources */,
			);
			runOnlyForDeploymentPostprocessing = 0;
		};
/* End PBXResourcesBuildPhase section */

/* Begin PBXShellScriptBuildPhase section */
		B807322DE7AADF03CFEC74F3 /* [CP] Check Pods Manifest.lock */ = {
			isa = PBXShellScriptBuildPhase;
			buildActionMask = 2147483647;
			files = (
			);
			inputFileListPaths = (
			);
			inputPaths = (
				"${PODS_PODFILE_DIR_PATH}/Podfile.lock",
				"${PODS_ROOT}/Manifest.lock",
			);
			name = "[CP] Check Pods Manifest.lock";
			outputFileListPaths = (
			);
			outputPaths = (
				"$(DERIVED_FILE_DIR)/Pods-LoodosMovie-checkManifestLockResult.txt",
			);
			runOnlyForDeploymentPostprocessing = 0;
			shellPath = /bin/sh;
			shellScript = "diff \"${PODS_PODFILE_DIR_PATH}/Podfile.lock\" \"${PODS_ROOT}/Manifest.lock\" > /dev/null\nif [ $? != 0 ] ; then\n    # print error to STDERR\n    echo \"error: The sandbox is not in sync with the Podfile.lock. Run 'pod install' or update your CocoaPods installation.\" >&2\n    exit 1\nfi\n# This output is used by Xcode 'outputs' to avoid re-running this script phase.\necho \"SUCCESS\" > \"${SCRIPT_OUTPUT_FILE_0}\"\n";
			showEnvVarsInLog = 0;
		};
		F568E71A1EFB28C33AE2053A /* [CP] Embed Pods Frameworks */ = {
			isa = PBXShellScriptBuildPhase;
			buildActionMask = 2147483647;
			files = (
			);
			inputFileListPaths = (
				"${PODS_ROOT}/Target Support Files/Pods-LoodosMovie/Pods-LoodosMovie-frameworks-${CONFIGURATION}-input-files.xcfilelist",
			);
			name = "[CP] Embed Pods Frameworks";
			outputFileListPaths = (
				"${PODS_ROOT}/Target Support Files/Pods-LoodosMovie/Pods-LoodosMovie-frameworks-${CONFIGURATION}-output-files.xcfilelist",
			);
			runOnlyForDeploymentPostprocessing = 0;
			shellPath = /bin/sh;
			shellScript = "\"${PODS_ROOT}/Target Support Files/Pods-LoodosMovie/Pods-LoodosMovie-frameworks.sh\"\n";
			showEnvVarsInLog = 0;
		};
/* End PBXShellScriptBuildPhase section */

/* Begin PBXSourcesBuildPhase section */
		AFB909C927DBAB0800872C4F /* Sources */ = {
			isa = PBXSourcesBuildPhase;
			buildActionMask = 2147483647;
			files = (
				AFB909D527DBAB0800872C4F /* ViewController.swift in Sources */,
				AFB909D127DBAB0800872C4F /* AppDelegate.swift in Sources */,
				AF6E561327DCDB5100A44C80 /* UIView+Extension.swift in Sources */,
				AFB909E627DBABFB00872C4F /* BaseLayers.swift in Sources */,
				AFB909D327DBAB0800872C4F /* SceneDelegate.swift in Sources */,
				AF6E561127DCC21D00A44C80 /* UIViewController+Extension.swift in Sources */,
				AFB909EE27DBAD0D00872C4F /* UIApplication+Extension.swift in Sources */,
				AFB909EC27DBAC9D00872C4F /* LoadingView.swift in Sources */,
			);
			runOnlyForDeploymentPostprocessing = 0;
		};
/* End PBXSourcesBuildPhase section */

/* Begin PBXVariantGroup section */
		AFB909D627DBAB0800872C4F /* Main.storyboard */ = {
			isa = PBXVariantGroup;
			children = (
				AFB909D727DBAB0800872C4F /* Base */,
			);
			name = Main.storyboard;
			sourceTree = "<group>";
		};
		AFB909DB27DBAB0900872C4F /* LaunchScreen.storyboard */ = {
			isa = PBXVariantGroup;
			children = (
				AFB909DC27DBAB0A00872C4F /* Base */,
			);
			name = LaunchScreen.storyboard;
			sourceTree = "<group>";
		};
/* End PBXVariantGroup section */

/* Begin XCBuildConfiguration section */
		AFB909DF27DBAB0A00872C4F /* Debug */ = {
			isa = XCBuildConfiguration;
			buildSettings = {
				ALWAYS_SEARCH_USER_PATHS = NO;
				CLANG_ANALYZER_NONNULL = YES;
				CLANG_ANALYZER_NUMBER_OBJECT_CONVERSION = YES_AGGRESSIVE;
				CLANG_CXX_LANGUAGE_STANDARD = "gnu++17";
				CLANG_CXX_LIBRARY = "libc++";
				CLANG_ENABLE_MODULES = YES;
				CLANG_ENABLE_OBJC_ARC = YES;
				CLANG_ENABLE_OBJC_WEAK = YES;
				CLANG_WARN_BLOCK_CAPTURE_AUTORELEASING = YES;
				CLANG_WARN_BOOL_CONVERSION = YES;
				CLANG_WARN_COMMA = YES;
				CLANG_WARN_CONSTANT_CONVERSION = YES;
				CLANG_WARN_DEPRECATED_OBJC_IMPLEMENTATIONS = YES;
				CLANG_WARN_DIRECT_OBJC_ISA_USAGE = YES_ERROR;
				CLANG_WARN_DOCUMENTATION_COMMENTS = YES;
				CLANG_WARN_EMPTY_BODY = YES;
				CLANG_WARN_ENUM_CONVERSION = YES;
				CLANG_WARN_INFINITE_RECURSION = YES;
				CLANG_WARN_INT_CONVERSION = YES;
				CLANG_WARN_NON_LITERAL_NULL_CONVERSION = YES;
				CLANG_WARN_OBJC_IMPLICIT_RETAIN_SELF = YES;
				CLANG_WARN_OBJC_LITERAL_CONVERSION = YES;
				CLANG_WARN_OBJC_ROOT_CLASS = YES_ERROR;
				CLANG_WARN_QUOTED_INCLUDE_IN_FRAMEWORK_HEADER = YES;
				CLANG_WARN_RANGE_LOOP_ANALYSIS = YES;
				CLANG_WARN_STRICT_PROTOTYPES = YES;
				CLANG_WARN_SUSPICIOUS_MOVE = YES;
				CLANG_WARN_UNGUARDED_AVAILABILITY = YES_AGGRESSIVE;
				CLANG_WARN_UNREACHABLE_CODE = YES;
				CLANG_WARN__DUPLICATE_METHOD_MATCH = YES;
				COPY_PHASE_STRIP = NO;
				DEBUG_INFORMATION_FORMAT = dwarf;
				ENABLE_STRICT_OBJC_MSGSEND = YES;
				ENABLE_TESTABILITY = YES;
				GCC_C_LANGUAGE_STANDARD = gnu11;
				GCC_DYNAMIC_NO_PIC = NO;
				GCC_NO_COMMON_BLOCKS = YES;
				GCC_OPTIMIZATION_LEVEL = 0;
				GCC_PREPROCESSOR_DEFINITIONS = (
					"DEBUG=1",
					"$(inherited)",
				);
				GCC_WARN_64_TO_32_BIT_CONVERSION = YES;
				GCC_WARN_ABOUT_RETURN_TYPE = YES_ERROR;
				GCC_WARN_UNDECLARED_SELECTOR = YES;
				GCC_WARN_UNINITIALIZED_AUTOS = YES_AGGRESSIVE;
				GCC_WARN_UNUSED_FUNCTION = YES;
				GCC_WARN_UNUSED_VARIABLE = YES;
				IPHONEOS_DEPLOYMENT_TARGET = 15.2;
				MTL_ENABLE_DEBUG_INFO = INCLUDE_SOURCE;
				MTL_FAST_MATH = YES;
				ONLY_ACTIVE_ARCH = YES;
				SDKROOT = iphoneos;
				SWIFT_ACTIVE_COMPILATION_CONDITIONS = DEBUG;
				SWIFT_OPTIMIZATION_LEVEL = "-Onone";
			};
			name = Debug;
		};
		AFB909E027DBAB0A00872C4F /* Release */ = {
			isa = XCBuildConfiguration;
			buildSettings = {
				ALWAYS_SEARCH_USER_PATHS = NO;
				CLANG_ANALYZER_NONNULL = YES;
				CLANG_ANALYZER_NUMBER_OBJECT_CONVERSION = YES_AGGRESSIVE;
				CLANG_CXX_LANGUAGE_STANDARD = "gnu++17";
				CLANG_CXX_LIBRARY = "libc++";
				CLANG_ENABLE_MODULES = YES;
				CLANG_ENABLE_OBJC_ARC = YES;
				CLANG_ENABLE_OBJC_WEAK = YES;
				CLANG_WARN_BLOCK_CAPTURE_AUTORELEASING = YES;
				CLANG_WARN_BOOL_CONVERSION = YES;
				CLANG_WARN_COMMA = YES;
				CLANG_WARN_CONSTANT_CONVERSION = YES;
				CLANG_WARN_DEPRECATED_OBJC_IMPLEMENTATIONS = YES;
				CLANG_WARN_DIRECT_OBJC_ISA_USAGE = YES_ERROR;
				CLANG_WARN_DOCUMENTATION_COMMENTS = YES;
				CLANG_WARN_EMPTY_BODY = YES;
				CLANG_WARN_ENUM_CONVERSION = YES;
				CLANG_WARN_INFINITE_RECURSION = YES;
				CLANG_WARN_INT_CONVERSION = YES;
				CLANG_WARN_NON_LITERAL_NULL_CONVERSION = YES;
				CLANG_WARN_OBJC_IMPLICIT_RETAIN_SELF = YES;
				CLANG_WARN_OBJC_LITERAL_CONVERSION = YES;
				CLANG_WARN_OBJC_ROOT_CLASS = YES_ERROR;
				CLANG_WARN_QUOTED_INCLUDE_IN_FRAMEWORK_HEADER = YES;
				CLANG_WARN_RANGE_LOOP_ANALYSIS = YES;
				CLANG_WARN_STRICT_PROTOTYPES = YES;
				CLANG_WARN_SUSPICIOUS_MOVE = YES;
				CLANG_WARN_UNGUARDED_AVAILABILITY = YES_AGGRESSIVE;
				CLANG_WARN_UNREACHABLE_CODE = YES;
				CLANG_WARN__DUPLICATE_METHOD_MATCH = YES;
				COPY_PHASE_STRIP = NO;
				DEBUG_INFORMATION_FORMAT = "dwarf-with-dsym";
				ENABLE_NS_ASSERTIONS = NO;
				ENABLE_STRICT_OBJC_MSGSEND = YES;
				GCC_C_LANGUAGE_STANDARD = gnu11;
				GCC_NO_COMMON_BLOCKS = YES;
				GCC_WARN_64_TO_32_BIT_CONVERSION = YES;
				GCC_WARN_ABOUT_RETURN_TYPE = YES_ERROR;
				GCC_WARN_UNDECLARED_SELECTOR = YES;
				GCC_WARN_UNINITIALIZED_AUTOS = YES_AGGRESSIVE;
				GCC_WARN_UNUSED_FUNCTION = YES;
				GCC_WARN_UNUSED_VARIABLE = YES;
				IPHONEOS_DEPLOYMENT_TARGET = 15.2;
				MTL_ENABLE_DEBUG_INFO = NO;
				MTL_FAST_MATH = YES;
				SDKROOT = iphoneos;
				SWIFT_COMPILATION_MODE = wholemodule;
				SWIFT_OPTIMIZATION_LEVEL = "-O";
				VALIDATE_PRODUCT = YES;
			};
			name = Release;
		};
		AFB909E227DBAB0A00872C4F /* Debug */ = {
			isa = XCBuildConfiguration;
			baseConfigurationReference = B091D9FF6155FF6158EF5EBA /* Pods-LoodosMovie.debug.xcconfig */;
			buildSettings = {
				ASSETCATALOG_COMPILER_APPICON_NAME = AppIcon;
				ASSETCATALOG_COMPILER_GLOBAL_ACCENT_COLOR_NAME = AccentColor;
				CODE_SIGN_STYLE = Automatic;
				CURRENT_PROJECT_VERSION = 1;
				DEVELOPMENT_TEAM = 63Y74HYCKH;
				GENERATE_INFOPLIST_FILE = YES;
				INFOPLIST_FILE = LoodosMovie/Info.plist;
				INFOPLIST_KEY_UIApplicationSupportsIndirectInputEvents = YES;
				INFOPLIST_KEY_UILaunchStoryboardName = LaunchScreen;
				INFOPLIST_KEY_UIMainStoryboardFile = Main;
				INFOPLIST_KEY_UISupportedInterfaceOrientations_iPad = "UIInterfaceOrientationPortrait UIInterfaceOrientationPortraitUpsideDown UIInterfaceOrientationLandscapeLeft UIInterfaceOrientationLandscapeRight";
				INFOPLIST_KEY_UISupportedInterfaceOrientations_iPhone = "UIInterfaceOrientationPortrait UIInterfaceOrientationLandscapeLeft UIInterfaceOrientationLandscapeRight";
				IPHONEOS_DEPLOYMENT_TARGET = 13.1;
				LD_RUNPATH_SEARCH_PATHS = (
					"$(inherited)",
					"@executable_path/Frameworks",
				);
				MARKETING_VERSION = 1.0;
				PRODUCT_BUNDLE_IDENTIFIER = com.ufukkosker.LoodosMovie;
				PRODUCT_NAME = "$(TARGET_NAME)";
				SWIFT_EMIT_LOC_STRINGS = YES;
				SWIFT_VERSION = 5.0;
				TARGETED_DEVICE_FAMILY = "1,2";
			};
			name = Debug;
		};
		AFB909E327DBAB0A00872C4F /* Release */ = {
			isa = XCBuildConfiguration;
			baseConfigurationReference = 9A48DE3169D1E2EAD5729319 /* Pods-LoodosMovie.release.xcconfig */;
			buildSettings = {
				ASSETCATALOG_COMPILER_APPICON_NAME = AppIcon;
				ASSETCATALOG_COMPILER_GLOBAL_ACCENT_COLOR_NAME = AccentColor;
				CODE_SIGN_STYLE = Automatic;
				CURRENT_PROJECT_VERSION = 1;
				DEVELOPMENT_TEAM = 63Y74HYCKH;
				GENERATE_INFOPLIST_FILE = YES;
				INFOPLIST_FILE = LoodosMovie/Info.plist;
				INFOPLIST_KEY_UIApplicationSupportsIndirectInputEvents = YES;
				INFOPLIST_KEY_UILaunchStoryboardName = LaunchScreen;
				INFOPLIST_KEY_UIMainStoryboardFile = Main;
				INFOPLIST_KEY_UISupportedInterfaceOrientations_iPad = "UIInterfaceOrientationPortrait UIInterfaceOrientationPortraitUpsideDown UIInterfaceOrientationLandscapeLeft UIInterfaceOrientationLandscapeRight";
				INFOPLIST_KEY_UISupportedInterfaceOrientations_iPhone = "UIInterfaceOrientationPortrait UIInterfaceOrientationLandscapeLeft UIInterfaceOrientationLandscapeRight";
				IPHONEOS_DEPLOYMENT_TARGET = 13.1;
				LD_RUNPATH_SEARCH_PATHS = (
					"$(inherited)",
					"@executable_path/Frameworks",
				);
				MARKETING_VERSION = 1.0;
				PRODUCT_BUNDLE_IDENTIFIER = com.ufukkosker.LoodosMovie;
				PRODUCT_NAME = "$(TARGET_NAME)";
				SWIFT_EMIT_LOC_STRINGS = YES;
				SWIFT_VERSION = 5.0;
				TARGETED_DEVICE_FAMILY = "1,2";
			};
			name = Release;
		};
/* End XCBuildConfiguration section */

/* Begin XCConfigurationList section */
		AFB909C827DBAB0800872C4F /* Build configuration list for PBXProject "LoodosMovie" */ = {
			isa = XCConfigurationList;
			buildConfigurations = (
				AFB909DF27DBAB0A00872C4F /* Debug */,
				AFB909E027DBAB0A00872C4F /* Release */,
			);
			defaultConfigurationIsVisible = 0;
			defaultConfigurationName = Release;
		};
		AFB909E127DBAB0A00872C4F /* Build configuration list for PBXNativeTarget "LoodosMovie" */ = {
			isa = XCConfigurationList;
			buildConfigurations = (
				AFB909E227DBAB0A00872C4F /* Debug */,
				AFB909E327DBAB0A00872C4F /* Release */,
			);
			defaultConfigurationIsVisible = 0;
			defaultConfigurationName = Release;
		};
/* End XCConfigurationList section */
	};
	rootObject = AFB909C527DBAB0800872C4F /* Project object */;
}
